
Microsoft Visual Studio Solution File, Format Version 12.00
# Visual Studio Version 17
VisualStudioVersion = 17.0.31903.59
MinimumVisualStudioVersion = 10.0.40219.1
Project("{2150E333-8FDC-42A3-9474-1A3956D46DE8}") = "Infrastructure", "Infrastructure", "{225858D7-AD1D-436B-B2CE-2DA9BE07C6ED}"
EndProject
Project("{FAE04EC0-301F-11D3-BF4B-00C04F79EFBC}") = "Contoso.Stock.Infrastructure", "Infrastructure\Contoso.Stock.Infrastructure\Contoso.Stock.Infrastructure.csproj", "{3ECB3FD2-FB30-461D-B23B-2438C3812EFF}"
EndProject
Project("{2150E333-8FDC-42A3-9474-1A3956D46DE8}") = "Simulator", "Simulator", "{1ABA1372-2DC7-419C-A23C-AD4C4206977F}"
EndProject
Project("{9A19103F-16F7-4668-BE54-9A1E7A4F7556}") = "StockMarket.Api", "Api\StockMarket.Api\StockMarket.Api.csproj", "{B57D4857-3642-4B42-AA5D-424828836D58}"
EndProject
Project("{2150E333-8FDC-42A3-9474-1A3956D46DE8}") = "Api", "Api", "{2D7A462E-4AD1-4DBA-ACE6-78468320870D}"
EndProject
Global
	GlobalSection(SolutionConfigurationPlatforms) = preSolution
		Debug|Any CPU = Debug|Any CPU
		Release|Any CPU = Release|Any CPU
	EndGlobalSection
	GlobalSection(ProjectConfigurationPlatforms) = postSolution
		{3ECB3FD2-FB30-461D-B23B-2438C3812EFF}.Debug|Any CPU.ActiveCfg = Debug|Any CPU
		{3ECB3FD2-FB30-461D-B23B-2438C3812EFF}.Debug|Any CPU.Build.0 = Debug|Any CPU
		{3ECB3FD2-FB30-461D-B23B-2438C3812EFF}.Release|Any CPU.ActiveCfg = Release|Any CPU
		{3ECB3FD2-FB30-461D-B23B-2438C3812EFF}.Release|Any CPU.Build.0 = Release|Any CPU
		{B57D4857-3642-4B42-AA5D-424828836D58}.Debug|Any CPU.ActiveCfg = Debug|Any CPU
		{B57D4857-3642-4B42-AA5D-424828836D58}.Debug|Any CPU.Build.0 = Debug|Any CPU
		{B57D4857-3642-4B42-AA5D-424828836D58}.Release|Any CPU.ActiveCfg = Release|Any CPU
		{B57D4857-3642-4B42-AA5D-424828836D58}.Release|Any CPU.Build.0 = Release|Any CPU
	EndGlobalSection
	GlobalSection(SolutionProperties) = preSolution
		HideSolutionNode = FALSE
	EndGlobalSection
	GlobalSection(NestedProjects) = preSolution
		{3ECB3FD2-FB30-461D-B23B-2438C3812EFF} = {225858D7-AD1D-436B-B2CE-2DA9BE07C6ED}
		{B57D4857-3642-4B42-AA5D-424828836D58} = {2D7A462E-4AD1-4DBA-ACE6-78468320870D}
	EndGlobalSection
	GlobalSection(ExtensibilityGlobals) = postSolution
		SolutionGuid = {8348B0C1-DB29-4C1A-BF9F-265378D46069}
	EndGlobalSection
EndGlobal
